
Microsoft Visual Studio Solution File, Format Version 12.00
# Visual Studio Version 17
VisualStudioVersion = 17.6.33829.357
MinimumVisualStudioVersion = 10.0.40219.1
Project("{FAE04EC0-301F-11D3-BF4B-00C04F79EFBC}") = "TranslateToolAPI", "src\TranslateToolAPI\TranslateToolAPI.csproj", "{80429712-C42D-4040-BE10-192FDA579CB6}"
EndProject
Project("{FAE04EC0-301F-11D3-BF4B-00C04F79EFBC}") = "Tool", "Tool\Tool.csproj", "{82B8F46C-2394-456C-BB9C-2B0D84B5E493}"
EndProject
Global
	GlobalSection(SolutionConfigurationPlatforms) = preSolution
		Debug|Any CPU = Debug|Any CPU
		Release|Any CPU = Release|Any CPU
	EndGlobalSection
	GlobalSection(ProjectConfigurationPlatforms) = postSolution
		{80429712-C42D-4040-BE10-192FDA579CB6}.Debug|Any CPU.ActiveCfg = Debug|Any CPU
		{80429712-C42D-4040-BE10-192FDA579CB6}.Debug|Any CPU.Build.0 = Debug|Any CPU
		{80429712-C42D-4040-BE10-192FDA579CB6}.Release|Any CPU.ActiveCfg = Release|Any CPU
		{80429712-C42D-4040-BE10-192FDA579CB6}.Release|Any CPU.Build.0 = Release|Any CPU
		{82B8F46C-2394-456C-BB9C-2B0D84B5E493}.Debug|Any CPU.ActiveCfg = Debug|Any CPU
		{82B8F46C-2394-456C-BB9C-2B0D84B5E493}.Debug|Any CPU.Build.0 = Debug|Any CPU
		{82B8F46C-2394-456C-BB9C-2B0D84B5E493}.Release|Any CPU.ActiveCfg = Release|Any CPU
		{82B8F46C-2394-456C-BB9C-2B0D84B5E493}.Release|Any CPU.Build.0 = Release|Any CPU
	EndGlobalSection
	GlobalSection(SolutionProperties) = preSolution
		HideSolutionNode = FALSE
	EndGlobalSection
	GlobalSection(ExtensibilityGlobals) = postSolution
		SolutionGuid = {267773E2-750F-4865-907E-632B89AB4530}
	EndGlobalSection
EndGlobal
